{
  "lib/forge-std": {
    "tag": {
      "name": "v1.16.1",
      "rev": "620536fa5277db4e3fd46772d5cbc1ea0696fb43"
    }
  },
  "lib/openzeppelin-contracts": {
    "rev": "5a3b28fc5bd3976da5ea38d90d88ba26f1e0a335"
  },
  "lib/v4-core": {
    "rev": "46c6834698c48bc4a463a86d8420f4eb1d7f3b75"
  },
  "lib/v4-periphery": {
    "rev": "9dafaaecc1e2e1e824eda9d941085f96517d827b"
  }
}